
Microsoft Visual Studio Solution File, Format Version 12.00
# Visual Studio Version 17
VisualStudioVersion = 17.11.35312.102
MinimumVisualStudioVersion = 10.0.40219.1
Project("{FAE04EC0-301F-11D3-BF4B-00C04F79EFBC}") = "SprueKit", "SprueKit\SprueKit.csproj", "{7448FF3C-0B33-4B36-851A-5E99946E614F}"
EndProject
Project("{FAE04EC0-301F-11D3-BF4B-00C04F79EFBC}") = "FirstFloor.ModernUI", "FirstFloor.ModernUI\FirstFloor.ModernUI\FirstFloor.ModernUI.csproj", "{9A653A28-FE46-40E8-A14F-48B0E325165D}"
EndProject
Project("{FAE04EC0-301F-11D3-BF4B-00C04F79EFBC}") = "PluginLib", "PluginLib\PluginLib.csproj", "{F4E29E54-B770-4331-A44E-84E533806A51}"
EndProject
Project("{FAE04EC0-301F-11D3-BF4B-00C04F79EFBC}") = "ColorPickerLib", "ColorPickerLib\ColorPickerLib.csproj", "{E64CE47C-10A6-490E-B1B1-84F00FD6C1D2}"
EndProject
Project("{FAE04EC0-301F-11D3-BF4B-00C04F79EFBC}") = "CoreMeshFilters", "CoreMeshFilters\CoreMeshFilters.csproj", "{47F32F99-0B38-4A95-B8D8-C110B40D901C}"
EndProject
Project("{8BC9CEB8-8B4A-11D0-8D11-00A0C91BC942}") = "SprueEngine", "SprueEngine\SprueEngine.vcxproj", "{3D0F801F-77B6-4D1E-8877-53DB01BC826D}"
	ProjectSection(ProjectDependencies) = postProject
		{21F77D6E-3E33-4EB0-8BC6-C0C86C7EE45B} = {21F77D6E-3E33-4EB0-8BC6-C0C86C7EE45B}
	EndProjectSection
EndProject
Project("{8BC9CEB8-8B4A-11D0-8D11-00A0C91BC942}") = "SprueBindings", "SprueBindings\SprueBindings.vcxproj", "{E0A75ED0-70DD-410B-BFC2-3849E7333C6A}"
	ProjectSection(ProjectDependencies) = postProject
		{3D0F801F-77B6-4D1E-8877-53DB01BC826D} = {3D0F801F-77B6-4D1E-8877-53DB01BC826D}
		{21F77D6E-3E33-4EB0-8BC6-C0C86C7EE45B} = {21F77D6E-3E33-4EB0-8BC6-C0C86C7EE45B}
	EndProjectSection
EndProject
Project("{2150E333-8FDC-42A3-9474-1A3956D46DE8}") = "Thekla", "Thekla", "{55211CDE-5557-4956-9B28-07B94792E43A}"
EndProject
Project("{2150E333-8FDC-42A3-9474-1A3956D46DE8}") = "nv", "nv", "{382CF634-AF73-4943-83D6-C1D5BA499CC2}"
EndProject
Project("{8BC9CEB8-8B4A-11D0-8D11-00A0C91BC942}") = "thekla_atlas", "Thekla\projects\vc9\thekla_atlas\thekla_atlas.vcxproj", "{EF943121-21F5-44B6-A8B5-C628F95CE070}"
EndProject
Project("{8BC9CEB8-8B4A-11D0-8D11-00A0C91BC942}") = "nvcore", "Thekla\projects\vc9\nvcore\nvcore.vcxproj", "{42FA3213-9A92-455E-8F39-5500B2303CCD}"
EndProject
Project("{8BC9CEB8-8B4A-11D0-8D11-00A0C91BC942}") = "nvmath", "Thekla\projects\vc9\nvmath\nvmath.vcxproj", "{D8B7F575-E8F5-4F1A-A4A4-EB9CC9A0766B}"
EndProject
Project("{8BC9CEB8-8B4A-11D0-8D11-00A0C91BC942}") = "nvmesh", "Thekla\projects\vc9\nvmesh\nvmesh.vcxproj", "{3943D773-05FE-43E7-A122-F5E534F73D33}"
EndProject
Project("{8BC9CEB8-8B4A-11D0-8D11-00A0C91BC942}") = "nvimage", "Thekla\projects\vc9\nvimage\nvimage.vcxproj", "{AACBE57F-FF9D-4D15-86DD-A30232EB9102}"
EndProject
Project("{8BC9CEB8-8B4A-11D0-8D11-00A0C91BC942}") = "Thekla", "Thekla\projects\vc9\Thekla\Thekla.vcxproj", "{4FD27915-EBF0-4D23-B293-7367458ED755}"
	ProjectSection(ProjectDependencies) = postProject
		{EF943121-21F5-44B6-A8B5-C628F95CE070} = {EF943121-21F5-44B6-A8B5-C628F95CE070}
	EndProjectSection
EndProject
Project("{FAE04EC0-301F-11D3-BF4B-00C04F79EFBC}") = "MonoGame.Framework.WpfInterop", "MonoGame.Framework.WpfInterop\MonoGame.Framework.WpfInterop.csproj", "{809F0D79-AEDC-4754-A213-FDBE97CCD6D6}"
EndProject
Project("{FAE04EC0-301F-11D3-BF4B-00C04F79EFBC}") = "IconColorizer", "IconColorizer\IconColorizer.csproj", "{FB52B698-F3B2-403D-8986-F6EB23D63CA2}"
EndProject
Project("{8BC9CEB8-8B4A-11D0-8D11-00A0C91BC942}") = "carvelib", "Carve\carvelib.vcxproj", "{21F77D6E-3E33-4EB0-8BC6-C0C86C7EE45B}"
EndProject
Project("{FAE04EC0-301F-11D3-BF4B-00C04F79EFBC}") = "geometry3Sharp", "geometry3Sharp\geometry3Sharp.csproj", "{0C518DDA-28FE-44CA-9AB0-F9773974F13A}"
EndProject
Global
	GlobalSection(SolutionConfigurationPlatforms) = preSolution
		Debug|Any CPU = Debug|Any CPU
		Debug|Win32 = Debug|Win32
		Debug|x64 = Debug|x64
		Debug|x86 = Debug|x86
		Release|Any CPU = Release|Any CPU
		Release|Win32 = Release|Win32
		Release|x64 = Release|x64
		Release|x86 = Release|x86
	EndGlobalSection
	GlobalSection(ProjectConfigurationPlatforms) = postSolution
		{7448FF3C-0B33-4B36-851A-5E99946E614F}.Debug|Any CPU.ActiveCfg = Debug|Any CPU
		{7448FF3C-0B33-4B36-851A-5E99946E614F}.Debug|Any CPU.Build.0 = Debug|Any CPU
		{7448FF3C-0B33-4B36-851A-5E99946E614F}.Debug|Win32.ActiveCfg = Debug|Any CPU
		{7448FF3C-0B33-4B36-851A-5E99946E614F}.Debug|Win32.Build.0 = Debug|Any CPU
		{7448FF3C-0B33-4B36-851A-5E99946E614F}.Debug|x64.ActiveCfg = Debug|Any CPU
		{7448FF3C-0B33-4B36-851A-5E99946E614F}.Debug|x64.Build.0 = Debug|Any CPU
		{7448FF3C-0B33-4B36-851A-5E99946E614F}.Debug|x86.ActiveCfg = Debug|Any CPU
		{7448FF3C-0B33-4B36-851A-5E99946E614F}.Debug|x86.Build.0 = Debug|Any CPU
		{7448FF3C-0B33-4B36-851A-5E99946E614F}.Release|Any CPU.ActiveCfg = Release|Any CPU
		{7448FF3C-0B33-4B36-851A-5E99946E614F}.Release|Any CPU.Build.0 = Release|Any CPU
		{7448FF3C-0B33-4B36-851A-5E99946E614F}.Release|Win32.ActiveCfg = Release|Any CPU
		{7448FF3C-0B33-4B36-851A-5E99946E614F}.Release|Win32.Build.0 = Release|Any CPU
		{7448FF3C-0B33-4B36-851A-5E99946E614F}.Release|x64.ActiveCfg = Release|Any CPU
		{7448FF3C-0B33-4B36-851A-5E99946E614F}.Release|x64.Build.0 = Release|Any CPU
		{7448FF3C-0B33-4B36-851A-5E99946E614F}.Release|x86.ActiveCfg = Release|Any CPU
		{7448FF3C-0B33-4B36-851A-5E99946E614F}.Release|x86.Build.0 = Release|Any CPU
		{9A653A28-FE46-40E8-A14F-48B0E325165D}.Debug|Any CPU.ActiveCfg = Debug|Any CPU
		{9A653A28-FE46-40E8-A14F-48B0E325165D}.Debug|Any CPU.Build.0 = Debug|Any CPU
		{9A653A28-FE46-40E8-A14F-48B0E325165D}.Debug|Win32.ActiveCfg = Debug|Any CPU
		{9A653A28-FE46-40E8-A14F-48B0E325165D}.Debug|Win32.Build.0 = Debug|Any CPU
		{9A653A28-FE46-40E8-A14F-48B0E325165D}.Debug|x64.ActiveCfg = Debug|Any CPU
		{9A653A28-FE46-40E8-A14F-48B0E325165D}.Debug|x64.Build.0 = Debug|Any CPU
		{9A653A28-FE46-40E8-A14F-48B0E325165D}.Debug|x86.ActiveCfg = Debug|Any CPU
		{9A653A28-FE46-40E8-A14F-48B0E325165D}.Debug|x86.Build.0 = Debug|Any CPU
		{9A653A28-FE46-40E8-A14F-48B0E325165D}.Release|Any CPU.ActiveCfg = Release|Any CPU
		{9A653A28-FE46-40E8-A14F-48B0E325165D}.Release|Any CPU.Build.0 = Release|Any CPU
		{9A653A28-FE46-40E8-A14F-48B0E325165D}.Release|Win32.ActiveCfg = Release|Any CPU
		{9A653A28-FE46-40E8-A14F-48B0E325165D}.Release|Win32.Build.0 = Release|Any CPU
		{9A653A28-FE46-40E8-A14F-48B0E325165D}.Release|x64.ActiveCfg = Release|Any CPU
		{9A653A28-FE46-40E8-A14F-48B0E325165D}.Release|x64.Build.0 = Release|Any CPU
		{9A653A28-FE46-40E8-A14F-48B0E325165D}.Release|x86.ActiveCfg = Release|Any CPU
		{9A653A28-FE46-40E8-A14F-48B0E325165D}.Release|x86.Build.0 = Release|Any CPU
		{F4E29E54-B770-4331-A44E-84E533806A51}.Debug|Any CPU.ActiveCfg = Debug|Any CPU
		{F4E29E54-B770-4331-A44E-84E533806A51}.Debug|Any CPU.Build.0 = Debug|Any CPU
		{F4E29E54-B770-4331-A44E-84E533806A51}.Debug|Win32.ActiveCfg = Debug|Any CPU
		{F4E29E54-B770-4331-A44E-84E533806A51}.Debug|Win32.Build.0 = Debug|Any CPU
		{F4E29E54-B770-4331-A44E-84E533806A51}.Debug|x64.ActiveCfg = Debug|Any CPU
		{F4E29E54-B770-4331-A44E-84E533806A51}.Debug|x64.Build.0 = Debug|Any CPU
		{F4E29E54-B770-4331-A44E-84E533806A51}.Debug|x86.ActiveCfg = Debug|Any CPU
		{F4E29E54-B770-4331-A44E-84E533806A51}.Debug|x86.Build.0 = Debug|Any CPU
		{F4E29E54-B770-4331-A44E-84E533806A51}.Release|Any CPU.ActiveCfg = Release|Any CPU
		{F4E29E54-B770-4331-A44E-84E533806A51}.Release|Any CPU.Build.0 = Release|Any CPU
		{F4E29E54-B770-4331-A44E-84E533806A51}.Release|Win32.ActiveCfg = Release|Any CPU
		{F4E29E54-B770-4331-A44E-84E533806A51}.Release|Win32.Build.0 = Release|Any CPU
		{F4E29E54-B770-4331-A44E-84E533806A51}.Release|x64.ActiveCfg = Release|Any CPU
		{F4E29E54-B770-4331-A44E-84E533806A51}.Release|x64.Build.0 = Release|Any CPU
		{F4E29E54-B770-4331-A44E-84E533806A51}.Release|x86.ActiveCfg = Release|Any CPU
		{F4E29E54-B770-4331-A44E-84E533806A51}.Release|x86.Build.0 = Release|Any CPU
		{E64CE47C-10A6-490E-B1B1-84F00FD6C1D2}.Debug|Any CPU.ActiveCfg = Debug|Any CPU
		{E64CE47C-10A6-490E-B1B1-84F00FD6C1D2}.Debug|Any CPU.Build.0 = Debug|Any CPU
		{E64CE47C-10A6-490E-B1B1-84F00FD6C1D2}.Debug|Win32.ActiveCfg = Debug|Any CPU
		{E64CE47C-10A6-490E-B1B1-84F00FD6C1D2}.Debug|Win32.Build.0 = Debug|Any CPU
		{E64CE47C-10A6-490E-B1B1-84F00FD6C1D2}.Debug|x64.ActiveCfg = Debug|Any CPU
		{E64CE47C-10A6-490E-B1B1-84F00FD6C1D2}.Debug|x64.Build.0 = Debug|Any CPU
		{E64CE47C-10A6-490E-B1B1-84F00FD6C1D2}.Debug|x86.ActiveCfg = Debug|Any CPU
		{E64CE47C-10A6-490E-B1B1-84F00FD6C1D2}.Debug|x86.Build.0 = Debug|Any CPU
		{E64CE47C-10A6-490E-B1B1-84F00FD6C1D2}.Release|Any CPU.ActiveCfg = Release|Any CPU
		{E64CE47C-10A6-490E-B1B1-84F00FD6C1D2}.Release|Any CPU.Build.0 = Release|Any CPU
		{E64CE47C-10A6-490E-B1B1-84F00FD6C1D2}.Release|Win32.ActiveCfg = Release|Any CPU
		{E64CE47C-10A6-490E-B1B1-84F00FD6C1D2}.Release|Win32.Build.0 = Release|Any CPU
		{E64CE47C-10A6-490E-B1B1-84F00FD6C1D2}.Release|x64.ActiveCfg = Release|Any CPU
		{E64CE47C-10A6-490E-B1B1-84F00FD6C1D2}.Release|x64.Build.0 = Release|Any CPU
		{E64CE47C-10A6-490E-B1B1-84F00FD6C1D2}.Release|x86.ActiveCfg = Release|Any CPU
		{E64CE47C-10A6-490E-B1B1-84F00FD6C1D2}.Release|x86.Build.0 = Release|Any CPU
		{47F32F99-0B38-4A95-B8D8-C110B40D901C}.Debug|Any CPU.ActiveCfg = Debug|Any CPU
		{47F32F99-0B38-4A95-B8D8-C110B40D901C}.Debug|Any CPU.Build.0 = Debug|Any CPU
		{47F32F99-0B38-4A95-B8D8-C110B40D901C}.Debug|Win32.ActiveCfg = Debug|Any CPU
		{47F32F99-0B38-4A95-B8D8-C110B40D901C}.Debug|Win32.Build.0 = Debug|Any CPU
		{47F32F99-0B38-4A95-B8D8-C110B40D901C}.Debug|x64.ActiveCfg = Debug|Any CPU
		{47F32F99-0B38-4A95-B8D8-C110B40D901C}.Debug|x64.Build.0 = Debug|Any CPU
		{47F32F99-0B38-4A95-B8D8-C110B40D901C}.Debug|x86.ActiveCfg = Debug|Any CPU
		{47F32F99-0B38-4A95-B8D8-C110B40D901C}.Debug|x86.Build.0 = Debug|Any CPU
		{47F32F99-0B38-4A95-B8D8-C110B40D901C}.Release|Any CPU.ActiveCfg = Release|Any CPU
		{47F32F99-0B38-4A95-B8D8-C110B40D901C}.Release|Any CPU.Build.0 = Release|Any CPU
		{47F32F99-0B38-4A95-B8D8-C110B40D901C}.Release|Win32.ActiveCfg = Release|Any CPU
		{47F32F99-0B38-4A95-B8D8-C110B40D901C}.Release|Win32.Build.0 = Release|Any CPU
		{47F32F99-0B38-4A95-B8D8-C110B40D901C}.Release|x64.ActiveCfg = Release|Any CPU
		{47F32F99-0B38-4A95-B8D8-C110B40D901C}.Release|x64.Build.0 = Release|Any CPU
		{47F32F99-0B38-4A95-B8D8-C110B40D901C}.Release|x86.ActiveCfg = Release|Any CPU
		{47F32F99-0B38-4A95-B8D8-C110B40D901C}.Release|x86.Build.0 = Release|Any CPU
		{3D0F801F-77B6-4D1E-8877-53DB01BC826D}.Debug|Any CPU.ActiveCfg = Debug|Win32
		{3D0F801F-77B6-4D1E-8877-53DB01BC826D}.Debug|Win32.ActiveCfg = Debug|Win32
		{3D0F801F-77B6-4D1E-8877-53DB01BC826D}.Debug|Win32.Build.0 = Debug|Win32
		{3D0F801F-77B6-4D1E-8877-53DB01BC826D}.Debug|x64.ActiveCfg = Debug|x64
		{3D0F801F-77B6-4D1E-8877-53DB01BC826D}.Debug|x64.Build.0 = Debug|x64
		{3D0F801F-77B6-4D1E-8877-53DB01BC826D}.Debug|x86.ActiveCfg = Debug|Win32
		{3D0F801F-77B6-4D1E-8877-53DB01BC826D}.Debug|x86.Build.0 = Debug|Win32
		{3D0F801F-77B6-4D1E-8877-53DB01BC826D}.Release|Any CPU.ActiveCfg = Release|Win32
		{3D0F801F-77B6-4D1E-8877-53DB01BC826D}.Release|Win32.ActiveCfg = Release|Win32
		{3D0F801F-77B6-4D1E-8877-53DB01BC826D}.Release|Win32.Build.0 = Release|Win32
		{3D0F801F-77B6-4D1E-8877-53DB01BC826D}.Release|x64.ActiveCfg = Release|x64
		{3D0F801F-77B6-4D1E-8877-53DB01BC826D}.Release|x64.Build.0 = Release|x64
		{3D0F801F-77B6-4D1E-8877-53DB01BC826D}.Release|x86.ActiveCfg = Release|Win32
		{3D0F801F-77B6-4D1E-8877-53DB01BC826D}.Release|x86.Build.0 = Release|Win32
		{E0A75ED0-70DD-410B-BFC2-3849E7333C6A}.Debug|Any CPU.ActiveCfg = Debug|Win32
		{E0A75ED0-70DD-410B-BFC2-3849E7333C6A}.Debug|Win32.ActiveCfg = Debug|Win32
		{E0A75ED0-70DD-410B-BFC2-3849E7333C6A}.Debug|Win32.Build.0 = Debug|Win32
		{E0A75ED0-70DD-410B-BFC2-3849E7333C6A}.Debug|x64.ActiveCfg = Debug|x64
		{E0A75ED0-70DD-410B-BFC2-3849E7333C6A}.Debug|x64.Build.0 = Debug|x64
		{E0A75ED0-70DD-410B-BFC2-3849E7333C6A}.Debug|x86.ActiveCfg = Debug|Win32
		{E0A75ED0-70DD-410B-BFC2-3849E7333C6A}.Debug|x86.Build.0 = Debug|Win32
		{E0A75ED0-70DD-410B-BFC2-3849E7333C6A}.Release|Any CPU.ActiveCfg = Release|Win32
		{E0A75ED0-70DD-410B-BFC2-3849E7333C6A}.Release|Win32.ActiveCfg = Release|Win32
		{E0A75ED0-70DD-410B-BFC2-3849E7333C6A}.Release|Win32.Build.0 = Release|Win32
		{E0A75ED0-70DD-410B-BFC2-3849E7333C6A}.Release|x64.ActiveCfg = Release|x64
		{E0A75ED0-70DD-410B-BFC2-3849E7333C6A}.Release|x64.Build.0 = Release|x64
		{E0A75ED0-70DD-410B-BFC2-3849E7333C6A}.Release|x86.ActiveCfg = Release|Win32
		{E0A75ED0-70DD-410B-BFC2-3849E7333C6A}.Release|x86.Build.0 = Release|Win32
		{EF943121-21F5-44B6-A8B5-C628F95CE070}.Debug|Any CPU.ActiveCfg = Debug|Win32
		{EF943121-21F5-44B6-A8B5-C628F95CE070}.Debug|Win32.ActiveCfg = Debug|Win32
		{EF943121-21F5-44B6-A8B5-C628F95CE070}.Debug|Win32.Build.0 = Debug|Win32
		{EF943121-21F5-44B6-A8B5-C628F95CE070}.Debug|x64.ActiveCfg = Debug|x64
		{EF943121-21F5-44B6-A8B5-C628F95CE070}.Debug|x86.ActiveCfg = Debug|Win32
		{EF943121-21F5-44B6-A8B5-C628F95CE070}.Debug|x86.Build.0 = Debug|Win32
		{EF943121-21F5-44B6-A8B5-C628F95CE070}.Release|Any CPU.ActiveCfg = Release|Win32
		{EF943121-21F5-44B6-A8B5-C628F95CE070}.Release|Win32.ActiveCfg = Release|Win32
		{EF943121-21F5-44B6-A8B5-C628F95CE070}.Release|Win32.Build.0 = Release|Win32
		{EF943121-21F5-44B6-A8B5-C628F95CE070}.Release|x64.ActiveCfg = Release|x64
		{EF943121-21F5-44B6-A8B5-C628F95CE070}.Release|x64.Build.0 = Release|x64
		{EF943121-21F5-44B6-A8B5-C628F95CE070}.Release|x86.ActiveCfg = Release|Win32
		{EF943121-21F5-44B6-A8B5-C628F95CE070}.Release|x86.Build.0 = Release|Win32
		{42FA3213-9A92-455E-8F39-5500B2303CCD}.Debug|Any CPU.ActiveCfg = Debug|Win32
		{42FA3213-9A92-455E-8F39-5500B2303CCD}.Debug|Win32.ActiveCfg = Debug|Win32
		{42FA3213-9A92-455E-8F39-5500B2303CCD}.Debug|Win32.Build.0 = Debug|Win32
		{42FA3213-9A92-455E-8F39-5500B2303CCD}.Debug|x64.ActiveCfg = Debug|x64
		{42FA3213-9A92-455E-8F39-5500B2303CCD}.Debug|x64.Build.0 = Debug|x64
		{42FA3213-9A92-455E-8F39-5500B2303CCD}.Debug|x86.ActiveCfg = Debug|Win32
		{42FA3213-9A92-455E-8F39-5500B2303CCD}.Debug|x86.Build.0 = Debug|Win32
		{42FA3213-9A92-455E-8F39-5500B2303CCD}.Release|Any CPU.ActiveCfg = Release|Win32
		{42FA3213-9A92-455E-8F39-5500B2303CCD}.Release|Win32.ActiveCfg = Release|Win32
		{42FA3213-9A92-455E-8F39-5500B2303CCD}.Release|Win32.Build.0 = Release|Win32
		{42FA3213-9A92-455E-8F39-5500B2303CCD}.Release|x64.ActiveCfg = Release|x64
		{42FA3213-9A92-455E-8F39-5500B2303CCD}.Release|x64.Build.0 = Release|x64
		{42FA3213-9A92-455E-8F39-5500B2303CCD}.Release|x86.ActiveCfg = Release|Win32
		{42FA3213-9A92-455E-8F39-5500B2303CCD}.Release|x86.Build.0 = Release|Win32
		{D8B7F575-E8F5-4F1A-A4A4-EB9CC9A0766B}.Debug|Any CPU.ActiveCfg = Debug|Win32
		{D8B7F575-E8F5-4F1A-A4A4-EB9CC9A0766B}.Debug|Win32.ActiveCfg = Debug|Win32
		{D8B7F575-E8F5-4F1A-A4A4-EB9CC9A0766B}.Debug|Win32.Build.0 = Debug|Win32
		{D8B7F575-E8F5-4F1A-A4A4-EB9CC9A0766B}.Debug|x64.ActiveCfg = Debug|x64
		{D8B7F575-E8F5-4F1A-A4A4-EB9CC9A0766B}.Debug|x64.Build.0 = Debug|x64
		{D8B7F575-E8F5-4F1A-A4A4-EB9CC9A0766B}.Debug|x86.ActiveCfg = Debug|Win32
		{D8B7F575-E8F5-4F1A-A4A4-EB9CC9A0766B}.Debug|x86.Build.0 = Debug|Win32
		{D8B7F575-E8F5-4F1A-A4A4-EB9CC9A0766B}.Release|Any CPU.ActiveCfg = Release|Win32
		{D8B7F575-E8F5-4F1A-A4A4-EB9CC9A0766B}.Release|Win32.ActiveCfg = Release|Win32
		{D8B7F575-E8F5-4F1A-A4A4-EB9CC9A0766B}.Release|Win32.Build.0 = Release|Win32
		{D8B7F575-E8F5-4F1A-A4A4-EB9CC9A0766B}.Release|x64.ActiveCfg = Release|x64
		{D8B7F575-E8F5-4F1A-A4A4-EB9CC9A0766B}.Release|x64.Build.0 = Release|x64
		{D8B7F575-E8F5-4F1A-A4A4-EB9CC9A0766B}.Release|x86.ActiveCfg = Release|Win32
		{D8B7F575-E8F5-4F1A-A4A4-EB9CC9A0766B}.Release|x86.Build.0 = Release|Win32
		{3943D773-05FE-43E7-A122-F5E534F73D33}.Debug|Any CPU.ActiveCfg = Debug|Win32
		{3943D773-05FE-43E7-A122-F5E534F73D33}.Debug|Win32.ActiveCfg = Debug|Win32
		{3943D773-05FE-43E7-A122-F5E534F73D33}.Debug|Win32.Build.0 = Debug|Win32
		{3943D773-05FE-43E7-A122-F5E534F73D33}.Debug|x64.ActiveCfg = Debug|x64
		{3943D773-05FE-43E7-A122-F5E534F73D33}.Debug|x64.Build.0 = Debug|x64
		{3943D773-05FE-43E7-A122-F5E534F73D33}.Debug|x86.ActiveCfg = Debug|Win32
		{3943D773-05FE-43E7-A122-F5E534F73D33}.Debug|x86.Build.0 = Debug|Win32
		{3943D773-05FE-43E7-A122-F5E534F73D33}.Release|Any CPU.ActiveCfg = Release|Win32
		{3943D773-05FE-43E7-A122-F5E534F73D33}.Release|Win32.ActiveCfg = Release|Win32
		{3943D773-05FE-43E7-A122-F5E534F73D33}.Release|Win32.Build.0 = Release|Win32
		{3943D773-05FE-43E7-A122-F5E534F73D33}.Release|x64.ActiveCfg = Release|x64
		{3943D773-05FE-43E7-A122-F5E534F73D33}.Release|x64.Build.0 = Release|x64
		{3943D773-05FE-43E7-A122-F5E534F73D33}.Release|x86.ActiveCfg = Release|Win32
		{3943D773-05FE-43E7-A122-F5E534F73D33}.Release|x86.Build.0 = Release|Win32
		{AACBE57F-FF9D-4D15-86DD-A30232EB9102}.Debug|Any CPU.ActiveCfg = Debug|Win32
		{AACBE57F-FF9D-4D15-86DD-A30232EB9102}.Debug|Win32.ActiveCfg = Debug|Win32
		{AACBE57F-FF9D-4D15-86DD-A30232EB9102}.Debug|Win32.Build.0 = Debug|Win32
		{AACBE57F-FF9D-4D15-86DD-A30232EB9102}.Debug|x64.ActiveCfg = Debug|x64
		{AACBE57F-FF9D-4D15-86DD-A30232EB9102}.Debug|x64.Build.0 = Debug|x64
		{AACBE57F-FF9D-4D15-86DD-A30232EB9102}.Debug|x86.ActiveCfg = Debug|Win32
		{AACBE57F-FF9D-4D15-86DD-A30232EB9102}.Debug|x86.Build.0 = Debug|Win32
		{AACBE57F-FF9D-4D15-86DD-A30232EB9102}.Release|Any CPU.ActiveCfg = Release|Win32
		{AACBE57F-FF9D-4D15-86DD-A30232EB9102}.Release|Win32.ActiveCfg = Release|Win32
		{AACBE57F-FF9D-4D15-86DD-A30232EB9102}.Release|Win32.Build.0 = Release|Win32
		{AACBE57F-FF9D-4D15-86DD-A30232EB9102}.Release|x64.ActiveCfg = Release|x64
		{AACBE57F-FF9D-4D15-86DD-A30232EB9102}.Release|x64.Build.0 = Release|x64
		{AACBE57F-FF9D-4D15-86DD-A30232EB9102}.Release|x86.ActiveCfg = Release|Win32
		{AACBE57F-FF9D-4D15-86DD-A30232EB9102}.Release|x86.Build.0 = Release|Win32
		{4FD27915-EBF0-4D23-B293-7367458ED755}.Debug|Any CPU.ActiveCfg = Debug|Win32
		{4FD27915-EBF0-4D23-B293-7367458ED755}.Debug|Win32.ActiveCfg = Debug|Win32
		{4FD27915-EBF0-4D23-B293-7367458ED755}.Debug|Win32.Build.0 = Debug|Win32
		{4FD27915-EBF0-4D23-B293-7367458ED755}.Debug|x64.ActiveCfg = Debug|x64
		{4FD27915-EBF0-4D23-B293-7367458ED755}.Debug|x64.Build.0 = Debug|x64
		{4FD27915-EBF0-4D23-B293-7367458ED755}.Debug|x86.ActiveCfg = Debug|Win32
		{4FD27915-EBF0-4D23-B293-7367458ED755}.Debug|x86.Build.0 = Debug|Win32
		{4FD27915-EBF0-4D23-B293-7367458ED755}.Release|Any CPU.ActiveCfg = Release|Win32
		{4FD27915-EBF0-4D23-B293-7367458ED755}.Release|Win32.ActiveCfg = Release|Win32
		{4FD27915-EBF0-4D23-B293-7367458ED755}.Release|Win32.Build.0 = Release|Win32
		{4FD27915-EBF0-4D23-B293-7367458ED755}.Release|x64.ActiveCfg = Release|x64
		{4FD27915-EBF0-4D23-B293-7367458ED755}.Release|x64.Build.0 = Release|x64
		{4FD27915-EBF0-4D23-B293-7367458ED755}.Release|x86.ActiveCfg = Release|Win32
		{4FD27915-EBF0-4D23-B293-7367458ED755}.Release|x86.Build.0 = Release|Win32
		{809F0D79-AEDC-4754-A213-FDBE97CCD6D6}.Debug|Any CPU.ActiveCfg = Debug|Any CPU
		{809F0D79-AEDC-4754-A213-FDBE97CCD6D6}.Debug|Any CPU.Build.0 = Debug|Any CPU
		{809F0D79-AEDC-4754-A213-FDBE97CCD6D6}.Debug|Win32.ActiveCfg = Debug|Any CPU
		{809F0D79-AEDC-4754-A213-FDBE97CCD6D6}.Debug|Win32.Build.0 = Debug|Any CPU
		{809F0D79-AEDC-4754-A213-FDBE97CCD6D6}.Debug|x64.ActiveCfg = Debug|Any CPU
		{809F0D79-AEDC-4754-A213-FDBE97CCD6D6}.Debug|x64.Build.0 = Debug|Any CPU
		{809F0D79-AEDC-4754-A213-FDBE97CCD6D6}.Debug|x86.ActiveCfg = Debug|Any CPU
		{809F0D79-AEDC-4754-A213-FDBE97CCD6D6}.Debug|x86.Build.0 = Debug|Any CPU
		{809F0D79-AEDC-4754-A213-FDBE97CCD6D6}.Release|Any CPU.ActiveCfg = Release|Any CPU
		{809F0D79-AEDC-4754-A213-FDBE97CCD6D6}.Release|Any CPU.Build.0 = Release|Any CPU
		{809F0D79-AEDC-4754-A213-FDBE97CCD6D6}.Release|Win32.ActiveCfg = Release|Any CPU
		{809F0D79-AEDC-4754-A213-FDBE97CCD6D6}.Release|Win32.Build.0 = Release|Any CPU
		{809F0D79-AEDC-4754-A213-FDBE97CCD6D6}.Release|x64.ActiveCfg = Release|Any CPU
		{809F0D79-AEDC-4754-A213-FDBE97CCD6D6}.Release|x64.Build.0 = Release|Any CPU
		{809F0D79-AEDC-4754-A213-FDBE97CCD6D6}.Release|x86.ActiveCfg = Release|Any CPU
		{809F0D79-AEDC-4754-A213-FDBE97CCD6D6}.Release|x86.Build.0 = Release|Any CPU
		{FB52B698-F3B2-403D-8986-F6EB23D63CA2}.Debug|Any CPU.ActiveCfg = Debug|Any CPU
		{FB52B698-F3B2-403D-8986-F6EB23D63CA2}.Debug|Any CPU.Build.0 = Debug|Any CPU
		{FB52B698-F3B2-403D-8986-F6EB23D63CA2}.Debug|Win32.ActiveCfg = Debug|Any CPU
		{FB52B698-F3B2-403D-8986-F6EB23D63CA2}.Debug|Win32.Build.0 = Debug|Any CPU
		{FB52B698-F3B2-403D-8986-F6EB23D63CA2}.Debug|x64.ActiveCfg = Debug|Any CPU
		{FB52B698-F3B2-403D-8986-F6EB23D63CA2}.Debug|x64.Build.0 = Debug|Any CPU
		{FB52B698-F3B2-403D-8986-F6EB23D63CA2}.Debug|x86.ActiveCfg = Debug|Any CPU
		{FB52B698-F3B2-403D-8986-F6EB23D63CA2}.Debug|x86.Build.0 = Debug|Any CPU
		{FB52B698-F3B2-403D-8986-F6EB23D63CA2}.Release|Any CPU.ActiveCfg = Release|Any CPU
		{FB52B698-F3B2-403D-8986-F6EB23D63CA2}.Release|Any CPU.Build.0 = Release|Any CPU
		{FB52B698-F3B2-403D-8986-F6EB23D63CA2}.Release|Win32.ActiveCfg = Release|Any CPU
		{FB52B698-F3B2-403D-8986-F6EB23D63CA2}.Release|Win32.Build.0 = Release|Any CPU
		{FB52B698-F3B2-403D-8986-F6EB23D63CA2}.Release|x64.ActiveCfg = Release|Any CPU
		{FB52B698-F3B2-403D-8986-F6EB23D63CA2}.Release|x64.Build.0 = Release|Any CPU
		{FB52B698-F3B2-403D-8986-F6EB23D63CA2}.Release|x86.ActiveCfg = Release|Any CPU
		{FB52B698-F3B2-403D-8986-F6EB23D63CA2}.Release|x86.Build.0 = Release|Any CPU
		{21F77D6E-3E33-4EB0-8BC6-C0C86C7EE45B}.Debug|Any CPU.ActiveCfg = Debug|Win32
		{21F77D6E-3E33-4EB0-8BC6-C0C86C7EE45B}.Debug|Win32.ActiveCfg = Debug|Win32
		{21F77D6E-3E33-4EB0-8BC6-C0C86C7EE45B}.Debug|Win32.Build.0 = Debug|Win32
		{21F77D6E-3E33-4EB0-8BC6-C0C86C7EE45B}.Debug|x64.ActiveCfg = Debug|x64
		{21F77D6E-3E33-4EB0-8BC6-C0C86C7EE45B}.Debug|x64.Build.0 = Debug|x64
		{21F77D6E-3E33-4EB0-8BC6-C0C86C7EE45B}.Debug|x86.ActiveCfg = Debug|Win32
		{21F77D6E-3E33-4EB0-8BC6-C0C86C7EE45B}.Debug|x86.Build.0 = Debug|Win32
		{21F77D6E-3E33-4EB0-8BC6-C0C86C7EE45B}.Release|Any CPU.ActiveCfg = Release|Win32
		{21F77D6E-3E33-4EB0-8BC6-C0C86C7EE45B}.Release|Win32.ActiveCfg = Release|Win32
		{21F77D6E-3E33-4EB0-8BC6-C0C86C7EE45B}.Release|Win32.Build.0 = Release|Win32
		{21F77D6E-3E33-4EB0-8BC6-C0C86C7EE45B}.Release|x64.ActiveCfg = Release|x64
		{21F77D6E-3E33-4EB0-8BC6-C0C86C7EE45B}.Release|x64.Build.0 = Release|x64
		{21F77D6E-3E33-4EB0-8BC6-C0C86C7EE45B}.Release|x86.ActiveCfg = Release|Win32
		{21F77D6E-3E33-4EB0-8BC6-C0C86C7EE45B}.Release|x86.Build.0 = Release|Win32
		{0C518DDA-28FE-44CA-9AB0-F9773974F13A}.Debug|Any CPU.ActiveCfg = Debug|Any CPU
		{0C518DDA-28FE-44CA-9AB0-F9773974F13A}.Debug|Any CPU.Build.0 = Debug|Any CPU
		{0C518DDA-28FE-44CA-9AB0-F9773974F13A}.Debug|Win32.ActiveCfg = Debug|Any CPU
		{0C518DDA-28FE-44CA-9AB0-F9773974F13A}.Debug|Win32.Build.0 = Debug|Any CPU
		{0C518DDA-28FE-44CA-9AB0-F9773974F13A}.Debug|x64.ActiveCfg = Debug|Any CPU
		{0C518DDA-28FE-44CA-9AB0-F9773974F13A}.Debug|x64.Build.0 = Debug|Any CPU
		{0C518DDA-28FE-44CA-9AB0-F9773974F13A}.Debug|x86.ActiveCfg = Debug|Any CPU
		{0C518DDA-28FE-44CA-9AB0-F9773974F13A}.Debug|x86.Build.0 = Debug|Any CPU
		{0C518DDA-28FE-44CA-9AB0-F9773974F13A}.Release|Any CPU.ActiveCfg = Release|Any CPU
		{0C518DDA-28FE-44CA-9AB0-F9773974F13A}.Release|Any CPU.Build.0 = Release|Any CPU
		{0C518DDA-28FE-44CA-9AB0-F9773974F13A}.Release|Win32.ActiveCfg = Release|Any CPU
		{0C518DDA-28FE-44CA-9AB0-F9773974F13A}.Release|Win32.Build.0 = Release|Any CPU
		{0C518DDA-28FE-44CA-9AB0-F9773974F13A}.Release|x64.ActiveCfg = Release|Any CPU
		{0C518DDA-28FE-44CA-9AB0-F9773974F13A}.Release|x64.Build.0 = Release|Any CPU
		{0C518DDA-28FE-44CA-9AB0-F9773974F13A}.Release|x86.ActiveCfg = Release|Any CPU
		{0C518DDA-28FE-44CA-9AB0-F9773974F13A}.Release|x86.Build.0 = Release|Any CPU
	EndGlobalSection
	GlobalSection(SolutionProperties) = preSolution
		HideSolutionNode = FALSE
	EndGlobalSection
	GlobalSection(NestedProjects) = preSolution
		{382CF634-AF73-4943-83D6-C1D5BA499CC2} = {55211CDE-5557-4956-9B28-07B94792E43A}
		{EF943121-21F5-44B6-A8B5-C628F95CE070} = {55211CDE-5557-4956-9B28-07B94792E43A}
		{42FA3213-9A92-455E-8F39-5500B2303CCD} = {382CF634-AF73-4943-83D6-C1D5BA499CC2}
		{D8B7F575-E8F5-4F1A-A4A4-EB9CC9A0766B} = {382CF634-AF73-4943-83D6-C1D5BA499CC2}
		{3943D773-05FE-43E7-A122-F5E534F73D33} = {382CF634-AF73-4943-83D6-C1D5BA499CC2}
		{AACBE57F-FF9D-4D15-86DD-A30232EB9102} = {382CF634-AF73-4943-83D6-C1D5BA499CC2}
		{4FD27915-EBF0-4D23-B293-7367458ED755} = {55211CDE-5557-4956-9B28-07B94792E43A}
	EndGlobalSection
	GlobalSection(ExtensibilityGlobals) = postSolution
		SolutionGuid = {EDFAC758-E798-4E62-98BD-2BB9C84A9D68}
	EndGlobalSection
EndGlobal
